// !$*UTF8*$!
{
	archiveVersion = 1;
	classes = {
	};
	objectVersion = 46;
	objects = {

/* Begin PBXBuildFile section */
		E74DC2ED1EAB2B3E00C1E608 /* AppDelegate.swift in Sources */ = {isa = PBXBuildFile; fileRef = E74DC2EC1EAB2B3E00C1E608 /* AppDelegate.swift */; };
		E74DC2EF1EAB2B3E00C1E608 /* ViewController.swift in Sources */ = {isa = PBXBuildFile; fileRef = E74DC2EE1EAB2B3E00C1E608 /* ViewController.swift */; };
		E74DC2F21EAB2B3E00C1E608 /* Main.storyboard in Resources */ = {isa = PBXBuildFile; fileRef = E74DC2F01EAB2B3E00C1E608 /* Main.storyboard */; };
		E74DC2F41EAB2B3E00C1E608 /* Assets.xcassets in Resources */ = {isa = PBXBuildFile; fileRef = E74DC2F31EAB2B3E00C1E608 /* Assets.xcassets */; };
		E74DC2F71EAB2B3E00C1E608 /* LaunchScreen.storyboard in Resources */ = {isa = PBXBuildFile; fileRef = E74DC2F51EAB2B3E00C1E608 /* LaunchScreen.storyboard */; };
/* End PBXBuildFile section */

/* Begin PBXFileReference section */
		E74DC2E91EAB2B3E00C1E608 /* Demo.app */ = {isa = PBXFileReference; explicitFileType = wrapper.application; includeInIndex = 0; path = Demo.app; sourceTree = BUILT_PRODUCTS_DIR; };
		E74DC2EC1EAB2B3E00C1E608 /* AppDelegate.swift */ = {isa = PBXFileReference; lastKnownFileType = sourcecode.swift; path = AppDelegate.swift; sourceTree = "<group>"; };
		E74DC2EE1EAB2B3E00C1E608 /* ViewController.swift */ = {isa = PBXFileReference; lastKnownFileType = sourcecode.swift; path = ViewController.swift; sourceTree = "<group>"; };
		E74DC2F11EAB2B3E00C1E608 /* Base */ = {isa = PBXFileReference; lastKnownFileType = file.storyboard; name = Base; path = Base.lproj/Main.storyboard; sourceTree = "<group>"; };
		E74DC2F31EAB2B3E00C1E608 /* Assets.xcassets */ = {isa = PBXFileReference; lastKnownFileType = folder.assetcatalog; path = Assets.xcassets; sourceTree = "<group>"; };
		E74DC2F61EAB2B3E00C1E608 /* Base */ = {isa = PBXFileReference; lastKnownFileType = file.storyboard; name = Base; path = Base.lproj/LaunchScreen.storyboard; sourceTree = "<group>"; };
		E74DC2F81EAB2B3E00C1E608 /* Info.plist */ = {isa = PBXFileReference; lastKnownFileType = text.plist.xml; path = Info.plist; sourceTree = "<group>"; };
/* End PBXFileReference section */

/* Begin PBXFrameworksBuildPhase section */
		E74DC2E61EAB2B3E00C1E608 /* Frameworks */ = {
			isa = PBXFrameworksBuildPhase;
			buildActionMask = 2147483647;
			files = (
			);
			runOnlyForDeploymentPostprocessing = 0;
		};
/* End PBXFrameworksBuildPhase section */

/* Begin PBXGroup section */
		E74DC2E01EAB2B3E00C1E608 = {
			isa = PBXGroup;
			children = (
				E74DC2EB1EAB2B3E00C1E608 /* Demo */,
				E74DC2EA1EAB2B3E00C1E608 /* Products */,
			);
			sourceTree = "<group>";
		};
		E74DC2EA1EAB2B3E00C1E608 /* Products */ = {
			isa = PBXGroup;
			children = (
				E74DC2E91EAB2B3E00C1E608 /* Demo.app */,
			);
			name = Products;
			sourceTree = "<group>";
		};
		E74DC2EB1EAB2B3E00C1E608 /* Demo */ = {
			isa = PBXGroup;
			children = (
				E74DC2EC1EAB2B3E00C1E608 /* AppDelegate.swift */,
				E74DC2EE1EAB2B3E00C1E608 /* ViewController.swift */,
				E74DC2F01EAB2B3E00C1E608 /* Main.storyboard */,
				E74DC2F31EAB2B3E00C1E608 /* Assets.xcassets */,
				E74DC2F51EAB2B3E00C1E608 /* LaunchScreen.storyboard */,
				E74DC2F81EAB2B3E00C1E608 /* Info.plist */,
			);
			path = Demo;
			sourceTree = "<group>";
		};
/* End PBXGroup section */

/* Begin PBXNativeTarget section */
		E74DC2E81EAB2B3E00C1E608 /* Demo */ = {
			isa = PBXNativeTarget;
			buildConfigurationList = E74DC2FB1EAB2B3E00C1E608 /* Build configuration list for PBXNativeTarget "Demo" */;
			buildPhases = (
				E74DC2E51EAB2B3E00C1E608 /* Sources */,
				E74DC2E61EAB2B3E00C1E608 /* Frameworks */,
				E74DC2E71EAB2B3E00C1E608 /* Resources */,
			);
			buildRules = (
			);
			dependencies = (
			);
			name = Demo;
			productName = Demo;
			productReference = E74DC2E91EAB2B3E00C1E608 /* Demo.app */;
			productType = "com.apple.product-type.application";
		};
/* End PBXNativeTarget section */

/* Begin PBXProject section */
		E74DC2E11EAB2B3E00C1E608 /* Project object */ = {
			isa = PBXProject;
			attributes = {
				LastSwiftUpdateCheck = 0820;
				LastUpgradeCheck = 0820;
				ORGANIZATIONNAME = "王仁駿";
				TargetAttributes = {
					E74DC2E81EAB2B3E00C1E608 = {
						CreatedOnToolsVersion = 8.2.1;
						ProvisioningStyle = Automatic;
					};
				};
			};
			buildConfigurationList = E74DC2E41EAB2B3E00C1E608 /* Build configuration list for PBXProject "Demo" */;
			compatibilityVersion = "Xcode 3.2";
			developmentRegion = English;
			hasScannedForEncodings = 0;
			knownRegions = (
				en,
				Base,
			);
			mainGroup = E74DC2E01EAB2B3E00C1E608;
			productRefGroup = E74DC2EA1EAB2B3E00C1E608 /* Products */;
			projectDirPath = "";
			projectRoot = "";
			targets = (
				E74DC2E81EAB2B3E00C1E608 /* Demo */,
			);
		};
/* End PBXProject section */

/* Begin PBXResourcesBuildPhase section */
		E74DC2E71EAB2B3E00C1E608 /* Resources */ = {
			isa = PBXResourcesBuildPhase;
			buildActionMask = 2147483647;
			files = (
				E74DC2F71EAB2B3E00C1E608 /* LaunchScreen.storyboard in Resources */,
				E74DC2F41EAB2B3E00C1E608 /* Assets.xcassets in Resources */,
				E74DC2F21EAB2B3E00C1E608 /* Main.storyboard in Resources */,
			);
			runOnlyForDeploymentPostprocessing = 0;
		};
/* End PBXResourcesBuildPhase section */

/* Begin PBXSourcesBuildPhase section */
		E74DC2E51EAB2B3E00C1E608 /* Sources */ = {
			isa = PBXSourcesBuildPhase;
			buildActionMask = 2147483647;
			files = (
				E74DC2EF1EAB2B3E00C1E608 /* ViewController.swift in Sources */,
				E74DC2ED1EAB2B3E00C1E608 /* AppDelegate.swift in Sources */,
			);
			runOnlyForDeploymentPostprocessing = 0;
		};
/* End PBXSourcesBuildPhase section */

/* Begin PBXVariantGroup section */
		E74DC2F01EAB2B3E00C1E608 /* Main.storyboard */ = {
			isa = PBXVariantGroup;
			children = (
				E74DC2F11EAB2B3E00C1E608 /* Base */,
			);
			name = Main.storyboard;
			sourceTree = "<group>";
		};
		E74DC2F51EAB2B3E00C1E608 /* LaunchScreen.storyboard */ = {
			isa = PBXVariantGroup;
			children = (
				E74DC2F61EAB2B3E00C1E608 /* Base */,
			);
			name = LaunchScreen.storyboard;
			sourceTree = "<group>";
		};
/* End PBXVariantGroup section */

/* Begin XCBuildConfiguration section */
		E74DC2F91EAB2B3E00C1E608 /* Debug */ = {
			isa = XCBuildConfiguration;
			buildSettings = {
				ALWAYS_SEARCH_USER_PATHS = NO;
				CLANG_ANALYZER_NONNULL = YES;
				CLANG_CXX_LANGUAGE_STANDARD = "gnu++0x";
				CLANG_CXX_LIBRARY = "libc++";
				CLANG_ENABLE_MODULES = YES;
				CLANG_ENABLE_OBJC_ARC = YES;
				CLANG_WARN_BOOL_CONVERSION = YES;
				CLANG_WARN_CONSTANT_CONVERSION = YES;
				CLANG_WARN_DIRECT_OBJC_ISA_USAGE = YES_ERROR;
				CLANG_WARN_DOCUMENTATION_COMMENTS = YES;
				CLANG_WARN_EMPTY_BODY = YES;
				CLANG_WARN_ENUM_CONVERSION = YES;
				CLANG_WARN_INFINITE_RECURSION = YES;
				CLANG_WARN_INT_CONVERSION = YES;
				CLANG_WARN_OBJC_ROOT_CLASS = YES_ERROR;
				CLANG_WARN_SUSPICIOUS_MOVE = YES;
				CLANG_WARN_UNREACHABLE_CODE = YES;
				CLANG_WARN__DUPLICATE_METHOD_MATCH = YES;
				"CODE_SIGN_IDENTITY[sdk=iphoneos*]" = "iPhone Developer";
				COPY_PHASE_STRIP = NO;
				DEBUG_INFORMATION_FORMAT = dwarf;
				ENABLE_STRICT_OBJC_MSGSEND = YES;
				ENABLE_TESTABILITY = YES;
				GCC_C_LANGUAGE_STANDARD = gnu99;
				GCC_DYNAMIC_NO_PIC = NO;
				GCC_NO_COMMON_BLOCKS = YES;
				GCC_OPTIMIZATION_LEVEL = 0;
				GCC_PREPROCESSOR_DEFINITIONS = (
					"DEBUG=1",
					"$(inherited)",
				);
				GCC_WARN_64_TO_32_BIT_CONVERSION = YES;
				GCC_WARN_ABOUT_RETURN_TYPE = YES_ERROR;
				GCC_WARN_UNDECLARED_SELECTOR = YES;
				GCC_WARN_UNINITIALIZED_AUTOS = YES_AGGRESSIVE;
				GCC_WARN_UNUSED_FUNCTION = YES;
				GCC_WARN_UNUSED_VARIABLE = YES;
				IPHONEOS_DEPLOYMENT_TARGET = 10.2;
				MTL_ENABLE_DEBUG_INFO = YES;
				ONLY_ACTIVE_ARCH = YES;
				SDKROOT = iphoneos;
				SWIFT_ACTIVE_COMPILATION_CONDITIONS = DEBUG;
				SWIFT_OPTIMIZATION_LEVEL = "-Onone";
			};
			name = Debug;
		};
		E74DC2FA1EAB2B3E00C1E608 /* Release */ = {
			isa = XCBuildConfiguration;
			buildSettings = {
				ALWAYS_SEARCH_USER_PATHS = NO;
				CLANG_ANALYZER_NONNULL = YES;
				CLANG_CXX_LANGUAGE_STANDARD = "gnu++0x";
				CLANG_CXX_LIBRARY = "libc++";
				CLANG_ENABLE_MODULES = YES;
				CLANG_ENABLE_OBJC_ARC = YES;
				CLANG_WARN_BOOL_CONVERSION = YES;
				CLANG_WARN_CONSTANT_CONVERSION = YES;
				CLANG_WARN_DIRECT_OBJC_ISA_USAGE = YES_ERROR;
				CLANG_WARN_DOCUMENTATION_COMMENTS = YES;
				CLANG_WARN_EMPTY_BODY = YES;
				CLANG_WARN_ENUM_CONVERSION = YES;
				CLANG_WARN_INFINITE_RECURSION = YES;
				CLANG_WARN_INT_CONVERSION = YES;
				CLANG_WARN_OBJC_ROOT_CLASS = YES_ERROR;
				CLANG_WARN_SUSPICIOUS_MOVE = YES;
				CLANG_WARN_UNREACHABLE_CODE = YES;
				CLANG_WARN__DUPLICATE_METHOD_MATCH = YES;
				"CODE_SIGN_IDENTITY[sdk=iphoneos*]" = "iPhone Developer";
				COPY_PHASE_STRIP = NO;
				DEBUG_INFORMATION_FORMAT = "dwarf-with-dsym";
				ENABLE_NS_ASSERTIONS = NO;
				ENABLE_STRICT_OBJC_MSGSEND = YES;
				GCC_C_LANGUAGE_STANDARD = gnu99;
				GCC_NO_COMMON_BLOCKS = YES;
				GCC_WARN_64_TO_32_BIT_CONVERSION = YES;
				GCC_WARN_ABOUT_RETURN_TYPE = YES_ERROR;
				GCC_WARN_UNDECLARED_SELECTOR = YES;
				GCC_WARN_UNINITIALIZED_AUTOS = YES_AGGRESSIVE;
				GCC_WARN_UNUSED_FUNCTION = YES;
				GCC_WARN_UNUSED_VARIABLE = YES;
				IPHONEOS_DEPLOYMENT_TARGET = 10.2;
				MTL_ENABLE_DEBUG_INFO = NO;
				SDKROOT = iphoneos;
				SWIFT_OPTIMIZATION_LEVEL = "-Owholemodule";
				VALIDATE_PRODUCT = YES;
			};
			name = Release;
		};
		E74DC2FC1EAB2B3E00C1E608 /* Debug */ = {
			isa = XCBuildConfiguration;
			buildSettings = {
				ASSETCATALOG_COMPILER_APPICON_NAME = AppIcon;
				INFOPLIST_FILE = Demo/Info.plist;
				LD_RUNPATH_SEARCH_PATHS = "$(inherited) @executable_path/Frameworks";
				PRODUCT_BUNDLE_IDENTIFIER = r05521508.Demo;
				PRODUCT_NAME = "$(TARGET_NAME)";
				SWIFT_VERSION = 3.0;
			};
			name = Debug;
		};
		E74DC2FD1EAB2B3E00C1E608 /* Release */ = {
			isa = XCBuildConfiguration;
			buildSettings = {
				ASSETCATALOG_COMPILER_APPICON_NAME = AppIcon;
				INFOPLIST_FILE = Demo/Info.plist;
				LD_RUNPATH_SEARCH_PATHS = "$(inherited) @executable_path/Frameworks";
				PRODUCT_BUNDLE_IDENTIFIER = r05521508.Demo;
				PRODUCT_NAME = "$(TARGET_NAME)";
				SWIFT_VERSION = 3.0;
			};
			name = Release;
		};
/* End XCBuildConfiguration section */

/* Begin XCConfigurationList section */
		E74DC2E41EAB2B3E00C1E608 /* Build configuration list for PBXProject "Demo" */ = {
			isa = XCConfigurationList;
			buildConfigurations = (
				E74DC2F91EAB2B3E00C1E608 /* Debug */,
				E74DC2FA1EAB2B3E00C1E608 /* Release */,
			);
			defaultConfigurationIsVisible = 0;
			defaultConfigurationName = Release;
		};
		E74DC2FB1EAB2B3E00C1E608 /* Build configuration list for PBXNativeTarget "Demo" */ = {
			isa = XCConfigurationList;
			buildConfigurations = (
				E74DC2FC1EAB2B3E00C1E608 /* Debug */,
				E74DC2FD1EAB2B3E00C1E608 /* Release */,
			);
			defaultConfigurationIsVisible = 0;
		};
/* End XCConfigurationList section */
	};
	rootObject = E74DC2E11EAB2B3E00C1E608 /* Project object */;
}
